Microsoft Visual Studio Solution File, Format Version 12.00
# Visual Studio Version 17
VisualStudioVersion = 17.0.31903.59
MinimumVisualStudioVersion = 10.0.40219.1
Project("{FAE04EC0-301F-11D3-BF4B-00C04F79EFBC}") = "Convex.Shared.Common", "src\Convex.Shared.Common\Convex.Shared.Common.csproj", "{A1B2C3D4-E5F6-7890-ABCD-EF1234567890}"
EndProject
Project("{FAE04EC0-301F-11D3-BF4B-00C04F79EFBC}") = "Convex.Shared.Http", "src\Convex.Shared.Http\Convex.Shared.Http.csproj", "{8E1F7B29-08D9-4682-B6CE-922334F08AD7}"
EndProject
Project("{FAE04EC0-301F-11D3-BF4B-00C04F79EFBC}") = "Convex.Shared.Logging", "src\Convex.Shared.Logging\Convex.Shared.Logging.csproj", "{F37B1EFB-766A-4AC6-8E52-1226A5ACA695}"
EndProject
Project("{FAE04EC0-301F-11D3-BF4B-00C04F79EFBC}") = "Convex.Shared.Security", "src\Convex.Shared.Security\Convex.Shared.Security.csproj", "{3817B7ED-A83F-4993-88EE-BD00A67CF9E7}"
EndProject
Project("{FAE04EC0-301F-11D3-BF4B-00C04F79EFBC}") = "Convex.Shared.Validation", "src\Convex.Shared.Validation\Convex.Shared.Validation.csproj", "{86DA79C3-A9FF-47C5-81FE-7C43E01DCFC3}"
EndProject
Project("{FAE04EC0-301F-11D3-BF4B-00C04F79EFBC}") = "Convex.Shared.Caching", "src\Convex.Shared.Caching\Convex.Shared.Caching.csproj", "{C1B8741C-9257-4D50-ABCF-9D3CF7EC8C43}"
EndProject
Project("{FAE04EC0-301F-11D3-BF4B-00C04F79EFBC}") = "Convex.Shared.Models", "src\Convex.Shared.Models\Convex.Shared.Models.csproj", "{1AA218C8-1FA9-4093-8C8F-F42136B22E3E}"
EndProject
Project("{FAE04EC0-301F-11D3-BF4B-00C04F79EFBC}") = "Convex.Shared.Utilities", "src\Convex.Shared.Utilities\Convex.Shared.Utilities.csproj", "{C002F63E-0CE4-4E69-9B41-A522881A6298}"
EndProject
Project("{FAE04EC0-301F-11D3-BF4B-00C04F79EFBC}") = "Convex.Shared.Domain", "src\Convex.Shared.Domain\Convex.Shared.Domain.csproj", "{D113F74F-1DF5-5F7A-AC52-B633992B73A9}"
EndProject
Project("{FAE04EC0-301F-11D3-BF4B-00C04F79EFBC}") = "Convex.Shared.Business", "src\Convex.Shared.Business\Convex.Shared.Business.csproj", "{47896D9F-24B2-401A-93CC-F75353E9A259}"
EndProject
Project("{FAE04EC0-301F-11D3-BF4B-00C04F79EFBC}") = "Convex.Shared.Grpc", "src\Convex.Shared.Grpc\Convex.Shared.Grpc.csproj", "{6BDE5C2F-B563-4CB5-A34E-A461B1EC5E4E}"
EndProject
Global
	GlobalSection(SolutionConfigurationPlatforms) = preSolution
		Debug|Any CPU = Debug|Any CPU
		Release|Any CPU = Release|Any CPU
	EndGlobalSection
	GlobalSection(ProjectConfigurationPlatforms) = postSolution
		{A1B2C3D4-E5F6-7890-ABCD-EF1234567890}.Debug|Any CPU.ActiveCfg = Debug|Any CPU
		{A1B2C3D4-E5F6-7890-ABCD-EF1234567890}.Debug|Any CPU.Build.0 = Debug|Any CPU
		{A1B2C3D4-E5F6-7890-ABCD-EF1234567890}.Release|Any CPU.ActiveCfg = Release|Any CPU
		{A1B2C3D4-E5F6-7890-ABCD-EF1234567890}.Release|Any CPU.Build.0 = Release|Any CPU
		{8E1F7B29-08D9-4682-B6CE-922334F08AD7}.Debug|Any CPU.ActiveCfg = Debug|Any CPU
		{8E1F7B29-08D9-4682-B6CE-922334F08AD7}.Debug|Any CPU.Build.0 = Debug|Any CPU
		{8E1F7B29-08D9-4682-B6CE-922334F08AD7}.Release|Any CPU.ActiveCfg = Release|Any CPU
		{8E1F7B29-08D9-4682-B6CE-922334F08AD7}.Release|Any CPU.Build.0 = Release|Any CPU
		{F37B1EFB-766A-4AC6-8E52-1226A5ACA695}.Debug|Any CPU.ActiveCfg = Debug|Any CPU
		{F37B1EFB-766A-4AC6-8E52-1226A5ACA695}.Debug|Any CPU.Build.0 = Debug|Any CPU
		{F37B1EFB-766A-4AC6-8E52-1226A5ACA695}.Release|Any CPU.ActiveCfg = Release|Any CPU
		{F37B1EFB-766A-4AC6-8E52-1226A5ACA695}.Release|Any CPU.Build.0 = Release|Any CPU
		{3817B7ED-A83F-4993-88EE-BD00A67CF9E7}.Debug|Any CPU.ActiveCfg = Debug|Any CPU
		{3817B7ED-A83F-4993-88EE-BD00A67CF9E7}.Debug|Any CPU.Build.0 = Debug|Any CPU
		{3817B7ED-A83F-4993-88EE-BD00A67CF9E7}.Release|Any CPU.ActiveCfg = Release|Any CPU
		{3817B7ED-A83F-4993-88EE-BD00A67CF9E7}.Release|Any CPU.Build.0 = Release|Any CPU
		{86DA79C3-A9FF-47C5-81FE-7C43E01DCFC3}.Debug|Any CPU.ActiveCfg = Debug|Any CPU
		{86DA79C3-A9FF-47C5-81FE-7C43E01DCFC3}.Debug|Any CPU.Build.0 = Debug|Any CPU
		{86DA79C3-A9FF-47C5-81FE-7C43E01DCFC3}.Release|Any CPU.ActiveCfg = Release|Any CPU
		{86DA79C3-A9FF-47C5-81FE-7C43E01DCFC3}.Release|Any CPU.Build.0 = Release|Any CPU
		{C1B8741C-9257-4D50-ABCF-9D3CF7EC8C43}.Debug|Any CPU.ActiveCfg = Debug|Any CPU
		{C1B8741C-9257-4D50-ABCF-9D3CF7EC8C43}.Debug|Any CPU.Build.0 = Debug|Any CPU
		{C1B8741C-9257-4D50-ABCF-9D3CF7EC8C43}.Release|Any CPU.ActiveCfg = Release|Any CPU
		{C1B8741C-9257-4D50-ABCF-9D3CF7EC8C43}.Release|Any CPU.Build.0 = Release|Any CPU
		{1AA218C8-1FA9-4093-8C8F-F42136B22E3E}.Debug|Any CPU.ActiveCfg = Debug|Any CPU
		{1AA218C8-1FA9-4093-8C8F-F42136B22E3E}.Debug|Any CPU.Build.0 = Debug|Any CPU
		{1AA218C8-1FA9-4093-8C8F-F42136B22E3E}.Release|Any CPU.ActiveCfg = Release|Any CPU
		{1AA218C8-1FA9-4093-8C8F-F42136B22E3E}.Release|Any CPU.Build.0 = Release|Any CPU
		{C002F63E-0CE4-4E69-9B41-A522881A6298}.Debug|Any CPU.ActiveCfg = Debug|Any CPU
		{C002F63E-0CE4-4E69-9B41-A522881A6298}.Debug|Any CPU.Build.0 = Debug|Any CPU
		{C002F63E-0CE4-4E69-9B41-A522881A6298}.Release|Any CPU.ActiveCfg = Release|Any CPU
		{C002F63E-0CE4-4E69-9B41-A522881A6298}.Release|Any CPU.Build.0 = Release|Any CPU
		{D113F74F-1DF5-5F7A-AC52-B633992B73A9}.Debug|Any CPU.ActiveCfg = Debug|Any CPU
		{D113F74F-1DF5-5F7A-AC52-B633992B73A9}.Debug|Any CPU.Build.0 = Debug|Any CPU
		{D113F74F-1DF5-5F7A-AC52-B633992B73A9}.Release|Any CPU.ActiveCfg = Release|Any CPU
		{D113F74F-1DF5-5F7A-AC52-B633992B73A9}.Release|Any CPU.Build.0 = Release|Any CPU
		{47896D9F-24B2-401A-93CC-F75353E9A259}.Debug|Any CPU.ActiveCfg = Debug|Any CPU
		{47896D9F-24B2-401A-93CC-F75353E9A259}.Debug|Any CPU.Build.0 = Debug|Any CPU
		{47896D9F-24B2-401A-93CC-F75353E9A259}.Release|Any CPU.ActiveCfg = Release|Any CPU
		{47896D9F-24B2-401A-93CC-F75353E9A259}.Release|Any CPU.Build.0 = Release|Any CPU
		{6BDE5C2F-B563-4CB5-A34E-A461B1EC5E4E}.Debug|Any CPU.ActiveCfg = Debug|Any CPU
		{6BDE5C2F-B563-4CB5-A34E-A461B1EC5E4E}.Debug|Any CPU.Build.0 = Debug|Any CPU
		{6BDE5C2F-B563-4CB5-A34E-A461B1EC5E4E}.Release|Any CPU.ActiveCfg = Release|Any CPU
		{6BDE5C2F-B563-4CB5-A34E-A461B1EC5E4E}.Release|Any CPU.Build.0 = Release|Any CPU
	EndGlobalSection
	GlobalSection(SolutionProperties) = preSolution
		HideSolutionNode = FALSE
	EndGlobalSection
	GlobalSection(ExtensibilityGlobals) = postSolution
		SolutionGuid = {12345678-1234-1234-1234-123456789012}
	EndGlobalSection
EndGlobal
